
Microsoft Visual Studio Solution File, Format Version 12.00
# Visual Studio 15
Project("{FAE04EC0-301F-11D3-BF4B-00C04F79EFBC}") = "UnityEditor.UI", "UnityEditor.UI.csproj", "{F15200A7-639D-6690-205F-E4332DF6970B}"
EndProject
Project("{FAE04EC0-301F-11D3-BF4B-00C04F79EFBC}") = "UnityEngine.UI", "UnityEngine.UI.csproj", "{FF076D6A-9025-C248-533C-29FD1C969320}"
EndProject
Project("{FAE04EC0-301F-11D3-BF4B-00C04F79EFBC}") = "Assembly-CSharp", "Assembly-CSharp.csproj", "{21504150-8773-DF55-71C8-B02E1927CCA6}"
EndProject
Global
	GlobalSection(SolutionConfigurationPlatforms) = preSolution
		Debug|Any CPU = Debug|Any CPU
		Release|Any CPU = Release|Any CPU
	EndGlobalSection
	GlobalSection(ProjectConfigurationPlatforms) = postSolution
		{F15200A7-639D-6690-205F-E4332DF6970B}.Debug|Any CPU.ActiveCfg = Debug|Any CPU
		{F15200A7-639D-6690-205F-E4332DF6970B}.Debug|Any CPU.Build.0 = Debug|Any CPU
		{F15200A7-639D-6690-205F-E4332DF6970B}.Release|Any CPU.ActiveCfg = Release|Any CPU
		{F15200A7-639D-6690-205F-E4332DF6970B}.Release|Any CPU.Build.0 = Release|Any CPU
		{FF076D6A-9025-C248-533C-29FD1C969320}.Debug|Any CPU.ActiveCfg = Debug|Any CPU
		{FF076D6A-9025-C248-533C-29FD1C969320}.Debug|Any CPU.Build.0 = Debug|Any CPU
		{FF076D6A-9025-C248-533C-29FD1C969320}.Release|Any CPU.ActiveCfg = Release|Any CPU
		{FF076D6A-9025-C248-533C-29FD1C969320}.Release|Any CPU.Build.0 = Release|Any CPU
		{21504150-8773-DF55-71C8-B02E1927CCA6}.Debug|Any CPU.ActiveCfg = Debug|Any CPU
		{21504150-8773-DF55-71C8-B02E1927CCA6}.Debug|Any CPU.Build.0 = Debug|Any CPU
		{21504150-8773-DF55-71C8-B02E1927CCA6}.Release|Any CPU.ActiveCfg = Release|Any CPU
		{21504150-8773-DF55-71C8-B02E1927CCA6}.Release|Any CPU.Build.0 = Release|Any CPU
	EndGlobalSection
	GlobalSection(SolutionProperties) = preSolution
		HideSolutionNode = FALSE
	EndGlobalSection
EndGlobal
